
Microsoft Visual Studio Solution File, Format Version 12.00
# Visual Studio Version 17
VisualStudioVersion = 17.7.34031.279
MinimumVisualStudioVersion = 10.0.40219.1
Project("{FAE04EC0-301F-11D3-BF4B-00C04F79EFBC}") = "SecondTask", "SecondTask\SecondTask.csproj", "{4C3D12BD-BADB-450E-9573-1E6361CAE9EF}"
EndProject
Global
	GlobalSection(SolutionConfigurationPlatforms) = preSolution
		Debug|Any CPU = Debug|Any CPU
		Release|Any CPU = Release|Any CPU
	EndGlobalSection
	GlobalSection(ProjectConfigurationPlatforms) = postSolution
		{4C3D12BD-BADB-450E-9573-1E6361CAE9EF}.Debug|Any CPU.ActiveCfg = Debug|Any CPU
		{4C3D12BD-BADB-450E-9573-1E6361CAE9EF}.Debug|Any CPU.Build.0 = Debug|Any CPU
		{4C3D12BD-BADB-450E-9573-1E6361CAE9EF}.Release|Any CPU.ActiveCfg = Release|Any CPU
		{4C3D12BD-BADB-450E-9573-1E6361CAE9EF}.Release|Any CPU.Build.0 = Release|Any CPU
	EndGlobalSection
	GlobalSection(SolutionProperties) = preSolution
		HideSolutionNode = FALSE
	EndGlobalSection
	GlobalSection(ExtensibilityGlobals) = postSolution
		SolutionGuid = {7DC4A8E2-E40C-494F-8F5C-F1F7D2FA149E}
	EndGlobalSection
EndGlobal
